
Microsoft Visual Studio Solution File, Format Version 12.00
# Visual Studio Version 17
VisualStudioVersion = 17.9.34902.65
MinimumVisualStudioVersion = 10.0.40219.1
Project("{FAE04EC0-301F-11D3-BF4B-00C04F79EFBC}") = "Product.Middleware", "Product.Middleware.csproj", "{D39EE1A7-88DC-48A2-BAA5-F9772417AD69}"
EndProject
Global
	GlobalSection(SolutionConfigurationPlatforms) = preSolution
		Debug|Any CPU = Debug|Any CPU
		Release|Any CPU = Release|Any CPU
	EndGlobalSection
	GlobalSection(ProjectConfigurationPlatforms) = postSolution
		{D39EE1A7-88DC-48A2-BAA5-F9772417AD69}.Debug|Any CPU.ActiveCfg = Debug|Any CPU
		{D39EE1A7-88DC-48A2-BAA5-F9772417AD69}.Debug|Any CPU.Build.0 = Debug|Any CPU
		{D39EE1A7-88DC-48A2-BAA5-F9772417AD69}.Release|Any CPU.ActiveCfg = Release|Any CPU
		{D39EE1A7-88DC-48A2-BAA5-F9772417AD69}.Release|Any CPU.Build.0 = Release|Any CPU
	EndGlobalSection
	GlobalSection(SolutionProperties) = preSolution
		HideSolutionNode = FALSE
	EndGlobalSection
	GlobalSection(ExtensibilityGlobals) = postSolution
		SolutionGuid = {4B25751B-0F46-4929-A094-330B3A9A99BA}
	EndGlobalSection
EndGlobal
